
Microsoft Visual Studio Solution File, Format Version 12.00
# Visual Studio 15
VisualStudioVersion = 15.0.28307.136
MinimumVisualStudioVersion = 10.0.40219.1
Project("{8BC9CEB8-8B4A-11D0-8D11-00A0C91BC942}") = "KS.UIP.Cpp.HomeWork.HW01.VariablesTypes", "KS.UIP.Cpp.HomeWork.HW01.VariablesTypes\KS.UIP.Cpp.HomeWork.HW01.VariablesTypes.vcxproj", "{30CA797E-82C1-43A7-B729-1102838AE29F}"
EndProject
Project("{8BC9CEB8-8B4A-11D0-8D11-00A0C91BC942}") = "KS.UIP.Cpp.HomeWork.HW02.DoForWhile", "KS.UIP.Cpp.HomeWork.HW02.DoForWhile\KS.UIP.Cpp.HomeWork.HW02.DoForWhile.vcxproj", "{4B3C14EE-302B-43B2-9438-B4FE51F9DFF6}"
EndProject
Project("{8BC9CEB8-8B4A-11D0-8D11-00A0C91BC942}") = "KS.UIP.Cpp.HomeWork.HW03.ArrayFunctionTask01", "KS.UIP.Cpp.HomeWork.HW03.ArrayFunction\KS.UIP.Cpp.HomeWork.HW03.ArrayFunction.vcxproj", "{0386353A-85FF-4414-913F-CF96165F75D1}"
EndProject
Project("{2150E333-8FDC-42A3-9474-1A3956D46DE8}") = "HW03", "HW03", "{74B6D1C5-4BE8-4A55-96E0-C69CAB1BF2D0}"
EndProject
Project("{2150E333-8FDC-42A3-9474-1A3956D46DE8}") = "HW02", "HW02", "{38509B1F-6141-41B4-A531-8906DCB00170}"
EndProject
Project("{2150E333-8FDC-42A3-9474-1A3956D46DE8}") = "HW01", "HW01", "{C43BF646-B7DF-4236-9AF0-B8261E1CFD98}"
EndProject
Project("{8BC9CEB8-8B4A-11D0-8D11-00A0C91BC942}") = "KS.UIP.Cpp.HomeWork.HW03.ArrayFunctionTask02", "KS.UIP.Cpp.HomeWork.HW03.ArrayFunctionTask02\KS.UIP.Cpp.HomeWork.HW03.ArrayFunctionTask02.vcxproj", "{7F966AD9-D96F-4B1B-BC8E-2D8541EA9947}"
EndProject
Project("{8BC9CEB8-8B4A-11D0-8D11-00A0C91BC942}") = "KS.UIP.Cpp.HomeWork.HW03.ArrayFunctionTask03", "KS.UIP.Cpp.HomeWork.HW03.ArrayFunctionTask03\KS.UIP.Cpp.HomeWork.HW03.ArrayFunctionTask03.vcxproj", "{7A63CADB-75E1-4BDF-BE3D-4F71AD9E1EFB}"
EndProject
Project("{8BC9CEB8-8B4A-11D0-8D11-00A0C91BC942}") = "KS.UIP.Cpp.HomeWork.HW03.ArrayFunctionTask04", "KS.UIP.Cpp.HomeWork.HW03.ArrayFunctionTask04\KS.UIP.Cpp.HomeWork.HW03.ArrayFunctionTask04.vcxproj", "{C518B650-CCDD-4C7C-BB07-73FD714C4FB4}"
EndProject
Project("{8BC9CEB8-8B4A-11D0-8D11-00A0C91BC942}") = "KS.UIP.Cpp.HomeWork.HW03.ArrayFunctionTask05", "KS.UIP.Cpp.HomeWork.HW03.ArrayFunctionTask05\KS.UIP.Cpp.HomeWork.HW03.ArrayFunctionTask05.vcxproj", "{062358F5-B205-48DE-A6A8-7CDA1A64FF63}"
EndProject
Project("{8BC9CEB8-8B4A-11D0-8D11-00A0C91BC942}") = "KS.UIP.Cpp.HomeWork.HW03.ArrayFunctionTask06-1", "KS.UIP.Cpp.HomeWork.HW03.ArrayFunctionTask06\KS.UIP.Cpp.HomeWork.HW03.ArrayFunctionTask06.vcxproj", "{46552D33-73D2-4806-BEEA-9FA4F28DD245}"
EndProject
Project("{2150E333-8FDC-42A3-9474-1A3956D46DE8}") = "HW04", "HW04", "{B67C82E5-2F71-4FEC-A0D2-A95862212CD3}"
EndProject
Project("{8BC9CEB8-8B4A-11D0-8D11-00A0C91BC942}") = "KS.UIP.Cpp.HomeWork.HW04.TwoDimmArrayTask01", "KS.UIP.Cpp.HomeWork.HW04.TwoDimmArrayTask01\KS.UIP.Cpp.HomeWork.HW04.TwoDimmArrayTask01.vcxproj", "{0623D044-B2DA-464F-93CB-F727AD60EC11}"
EndProject
Project("{8BC9CEB8-8B4A-11D0-8D11-00A0C91BC942}") = "KS.UIP.Cpp.HomeWork.HW04.TwoDimmArrayTask02", "KS.UIP.Cpp.HomeWork.HW04.TwoDimmArrayTask02\KS.UIP.Cpp.HomeWork.HW04.TwoDimmArrayTask02.vcxproj", "{8FD84097-734C-4DCA-AFD8-65835C012066}"
EndProject
Project("{8BC9CEB8-8B4A-11D0-8D11-00A0C91BC942}") = "KS.UIP.Cpp.HomeWork.HW04.TwoDimmArrayTask03", "KS.UIP.Cpp.HomeWork.HW04.TwoDimmArrayTask03\KS.UIP.Cpp.HomeWork.HW04.TwoDimmArrayTask03.vcxproj", "{100CB8F2-479F-4777-B21E-821227122669}"
EndProject
Project("{8BC9CEB8-8B4A-11D0-8D11-00A0C91BC942}") = "KS.UIP.Cpp.HomeWork.HW04.TwoDimmArrayTask04", "KS.UIP.Cpp.HomeWork.HW04.TwoDimmArrayTask04\KS.UIP.Cpp.HomeWork.HW04.TwoDimmArrayTask04.vcxproj", "{3B41AB15-0490-4389-B6C4-51296412CBF8}"
EndProject
Project("{8BC9CEB8-8B4A-11D0-8D11-00A0C91BC942}") = "KS.UIP.Cpp.HomeWork.HW04.TwoDimmArrayTask05", "KS.UIP.Cpp.HomeWork.HW04.TwoDimmArrayTask05\KS.UIP.Cpp.HomeWork.HW04.TwoDimmArrayTask05.vcxproj", "{2A14E7A9-5C63-4735-8A6B-00CEE7582E09}"
EndProject
Project("{8BC9CEB8-8B4A-11D0-8D11-00A0C91BC942}") = "KS.UIP.Cpp.HomeWork.HW04.TwoDimmArrayTask06", "KS.UIP.Cpp.HomeWork.HW04.TwoDimmArrayTask06\KS.UIP.Cpp.HomeWork.HW04.TwoDimmArrayTask06.vcxproj", "{EE16205D-344B-43E0-85B4-DFAEBB1F69AB}"
EndProject
Project("{8BC9CEB8-8B4A-11D0-8D11-00A0C91BC942}") = "KS.UIP.Cpp.HomeWork.HW04.TwoDimmArrayTask07", "KS.UIP.Cpp.HomeWork.HW04.TwoDimmArrayTask07\KS.UIP.Cpp.HomeWork.HW04.TwoDimmArrayTask07.vcxproj", "{43663CFE-8DBC-4071-8CDA-9234A534A266}"
EndProject
Project("{8BC9CEB8-8B4A-11D0-8D11-00A0C91BC942}") = "KS.UIP.Cpp.HomeWork.HW04.TwoDimmArrayTask08", "KS.UIP.Cpp.HomeWork.HW04.TwoDimmArrayTask08\KS.UIP.Cpp.HomeWork.HW04.TwoDimmArrayTask08.vcxproj", "{E8C9CF07-C96B-4601-9261-DD1F42161401}"
EndProject
Project("{8BC9CEB8-8B4A-11D0-8D11-00A0C91BC942}") = "KS.UIP.Cpp.HomeWork.HW04.TwoDimmArrayTask09", "KS.UIP.Cpp.HomeWork.HW04.TwoDimmArrayTask09\KS.UIP.Cpp.HomeWork.HW04.TwoDimmArrayTask09.vcxproj", "{36749579-EE9E-4F3D-B4FF-2376D9A9DABF}"
EndProject
Project("{2150E333-8FDC-42A3-9474-1A3956D46DE8}") = "HW05", "HW05", "{E46B2A22-6345-44AE-A1DE-C073F50B7C32}"
EndProject
Project("{2150E333-8FDC-42A3-9474-1A3956D46DE8}") = "HW06", "HW06", "{284A90D0-D291-4DB7-86B4-31E415167353}"
EndProject
Project("{8BC9CEB8-8B4A-11D0-8D11-00A0C91BC942}") = "KS.UIP.Cpp.HomeWork.HW06.CharArrayTask01", "KS.UIP.Cpp.HomeWork.HW06.CharArrayTask01\KS.UIP.Cpp.HomeWork.HW06.CharArrayTask01.vcxproj", "{713717C9-059C-4EFF-B246-811B62995113}"
EndProject
Project("{8BC9CEB8-8B4A-11D0-8D11-00A0C91BC942}") = "KS.UIP.Cpp.HomeWork.HW06.CharArrayTask02", "KS.UIP.Cpp.HomeWork.HW06.CharArrayTask02\KS.UIP.Cpp.HomeWork.HW06.CharArrayTask02.vcxproj", "{E997067E-4187-4EE3-9F03-DF72CC7BE7F1}"
EndProject
Project("{8BC9CEB8-8B4A-11D0-8D11-00A0C91BC942}") = "KS.UIP.Cpp.HomeWork.HW06.CharArrayTask03", "KS.UIP.Cpp.HomeWork.HW06.CharArrayTask03\KS.UIP.Cpp.HomeWork.HW06.CharArrayTask03.vcxproj", "{16B36D7C-4011-4B71-88B2-53306FA7E0FC}"
EndProject
Project("{8BC9CEB8-8B4A-11D0-8D11-00A0C91BC942}") = "KS.UIP.Cpp.HomeWork.HW06.CharArrayTask05", "KS.UIP.Cpp.HomeWork.HW06.CharArrayTask05\KS.UIP.Cpp.HomeWork.HW06.CharArrayTask05.vcxproj", "{D61BBD9A-0AC0-434D-A694-728EF42A43BD}"
EndProject
Project("{2150E333-8FDC-42A3-9474-1A3956D46DE8}") = "HW07", "HW07", "{FE690942-FFE6-4DA0-A9C0-44DD765721B8}"
EndProject
Project("{8BC9CEB8-8B4A-11D0-8D11-00A0C91BC942}") = "KS.UIP.Cpp.HomeWork.HW07.PointersCharTask01", "KS.UIP.Cpp.HomeWork.HW07.PointersCharTask01\KS.UIP.Cpp.HomeWork.HW07.PointersCharTask01.vcxproj", "{345CF9A1-B648-4370-A05C-E3F105E4FB5A}"
EndProject
Project("{8BC9CEB8-8B4A-11D0-8D11-00A0C91BC942}") = "KS.UIP.Cpp.HomeWork.HW07.PointersCharTask02", "KS.UIP.Cpp.HomeWork.HW07.PointersCharTask02\KS.UIP.Cpp.HomeWork.HW07.PointersCharTask02.vcxproj", "{E8B792A5-9A5E-4846-BF70-ABA0200FE4CE}"
EndProject
Project("{2150E333-8FDC-42A3-9474-1A3956D46DE8}") = "HW08", "HW08", "{5DD246D5-D677-45E0-B575-360D2B5E471D}"
EndProject
Project("{8BC9CEB8-8B4A-11D0-8D11-00A0C91BC942}") = "KS.UIP.Cpp.HomeWork.HW08.PointerCharTask01", "KS.UIP.Cpp.HomeWork.HW08.PointerCharTask01\KS.UIP.Cpp.HomeWork.HW08.PointerCharTask01.vcxproj", "{95A415E6-4CD6-4435-88A2-4DC7C8748AB8}"
EndProject
Project("{8BC9CEB8-8B4A-11D0-8D11-00A0C91BC942}") = "KS.UIP.Cpp.HomeWork.HW08.PointerCharTask02", "KS.UIP.Cpp.HomeWork.HW08.PointerCharTask02\KS.UIP.Cpp.HomeWork.HW08.PointerCharTask02.vcxproj", "{0265B41E-8E2E-4472-8AEC-891CEA1974B8}"
EndProject
Project("{8BC9CEB8-8B4A-11D0-8D11-00A0C91BC942}") = "KS.UIP.Cpp.HomeWork.HW08.PointerCharTask03", "KS.UIP.Cpp.HomeWork.HW08.PointerCharTask03\KS.UIP.Cpp.HomeWork.HW08.PointerCharTask03.vcxproj", "{12B05C01-23B4-4BFB-9CE0-144926CE00FF}"
EndProject
Project("{8BC9CEB8-8B4A-11D0-8D11-00A0C91BC942}") = "KS.UIP.Cpp.HomeWork.HW08.PointerCharTask04", "KS.UIP.Cpp.HomeWork.HW08.PointerCharTask04\KS.UIP.Cpp.HomeWork.HW08.PointerCharTask04.vcxproj", "{4848D9C8-F3AA-4D23-9B3A-6EE312715CDF}"
EndProject
Global
	GlobalSection(SolutionConfigurationPlatforms) = preSolution
		Debug|x64 = Debug|x64
		Debug|x86 = Debug|x86
		Release|x64 = Release|x64
		Release|x86 = Release|x86
	EndGlobalSection
	GlobalSection(ProjectConfigurationPlatforms) = postSolution
		{30CA797E-82C1-43A7-B729-1102838AE29F}.Debug|x64.ActiveCfg = Debug|x64
		{30CA797E-82C1-43A7-B729-1102838AE29F}.Debug|x64.Build.0 = Debug|x64
		{30CA797E-82C1-43A7-B729-1102838AE29F}.Debug|x86.ActiveCfg = Debug|Win32
		{30CA797E-82C1-43A7-B729-1102838AE29F}.Debug|x86.Build.0 = Debug|Win32
		{30CA797E-82C1-43A7-B729-1102838AE29F}.Release|x64.ActiveCfg = Release|x64
		{30CA797E-82C1-43A7-B729-1102838AE29F}.Release|x64.Build.0 = Release|x64
		{30CA797E-82C1-43A7-B729-1102838AE29F}.Release|x86.ActiveCfg = Release|Win32
		{30CA797E-82C1-43A7-B729-1102838AE29F}.Release|x86.Build.0 = Release|Win32
		{4B3C14EE-302B-43B2-9438-B4FE51F9DFF6}.Debug|x64.ActiveCfg = Debug|x64
		{4B3C14EE-302B-43B2-9438-B4FE51F9DFF6}.Debug|x64.Build.0 = Debug|x64
		{4B3C14EE-302B-43B2-9438-B4FE51F9DFF6}.Debug|x86.ActiveCfg = Debug|Win32
		{4B3C14EE-302B-43B2-9438-B4FE51F9DFF6}.Debug|x86.Build.0 = Debug|Win32
		{4B3C14EE-302B-43B2-9438-B4FE51F9DFF6}.Release|x64.ActiveCfg = Release|x64
		{4B3C14EE-302B-43B2-9438-B4FE51F9DFF6}.Release|x64.Build.0 = Release|x64
		{4B3C14EE-302B-43B2-9438-B4FE51F9DFF6}.Release|x86.ActiveCfg = Release|Win32
		{4B3C14EE-302B-43B2-9438-B4FE51F9DFF6}.Release|x86.Build.0 = Release|Win32
		{0386353A-85FF-4414-913F-CF96165F75D1}.Debug|x64.ActiveCfg = Debug|x64
		{0386353A-85FF-4414-913F-CF96165F75D1}.Debug|x64.Build.0 = Debug|x64
		{0386353A-85FF-4414-913F-CF96165F75D1}.Debug|x86.ActiveCfg = Debug|Win32
		{0386353A-85FF-4414-913F-CF96165F75D1}.Debug|x86.Build.0 = Debug|Win32
		{0386353A-85FF-4414-913F-CF96165F75D1}.Release|x64.ActiveCfg = Release|x64
		{0386353A-85FF-4414-913F-CF96165F75D1}.Release|x64.Build.0 = Release|x64
		{0386353A-85FF-4414-913F-CF96165F75D1}.Release|x86.ActiveCfg = Release|Win32
		{0386353A-85FF-4414-913F-CF96165F75D1}.Release|x86.Build.0 = Release|Win32
		{7F966AD9-D96F-4B1B-BC8E-2D8541EA9947}.Debug|x64.ActiveCfg = Debug|x64
		{7F966AD9-D96F-4B1B-BC8E-2D8541EA9947}.Debug|x64.Build.0 = Debug|x64
		{7F966AD9-D96F-4B1B-BC8E-2D8541EA9947}.Debug|x86.ActiveCfg = Debug|Win32
		{7F966AD9-D96F-4B1B-BC8E-2D8541EA9947}.Debug|x86.Build.0 = Debug|Win32
		{7F966AD9-D96F-4B1B-BC8E-2D8541EA9947}.Release|x64.ActiveCfg = Release|x64
		{7F966AD9-D96F-4B1B-BC8E-2D8541EA9947}.Release|x64.Build.0 = Release|x64
		{7F966AD9-D96F-4B1B-BC8E-2D8541EA9947}.Release|x86.ActiveCfg = Release|Win32
		{7F966AD9-D96F-4B1B-BC8E-2D8541EA9947}.Release|x86.Build.0 = Release|Win32
		{7A63CADB-75E1-4BDF-BE3D-4F71AD9E1EFB}.Debug|x64.ActiveCfg = Debug|x64
		{7A63CADB-75E1-4BDF-BE3D-4F71AD9E1EFB}.Debug|x64.Build.0 = Debug|x64
		{7A63CADB-75E1-4BDF-BE3D-4F71AD9E1EFB}.Debug|x86.ActiveCfg = Debug|Win32
		{7A63CADB-75E1-4BDF-BE3D-4F71AD9E1EFB}.Debug|x86.Build.0 = Debug|Win32
		{7A63CADB-75E1-4BDF-BE3D-4F71AD9E1EFB}.Release|x64.ActiveCfg = Release|x64
		{7A63CADB-75E1-4BDF-BE3D-4F71AD9E1EFB}.Release|x64.Build.0 = Release|x64
		{7A63CADB-75E1-4BDF-BE3D-4F71AD9E1EFB}.Release|x86.ActiveCfg = Release|Win32
		{7A63CADB-75E1-4BDF-BE3D-4F71AD9E1EFB}.Release|x86.Build.0 = Release|Win32
		{C518B650-CCDD-4C7C-BB07-73FD714C4FB4}.Debug|x64.ActiveCfg = Debug|x64
		{C518B650-CCDD-4C7C-BB07-73FD714C4FB4}.Debug|x64.Build.0 = Debug|x64
		{C518B650-CCDD-4C7C-BB07-73FD714C4FB4}.Debug|x86.ActiveCfg = Debug|Win32
		{C518B650-CCDD-4C7C-BB07-73FD714C4FB4}.Debug|x86.Build.0 = Debug|Win32
		{C518B650-CCDD-4C7C-BB07-73FD714C4FB4}.Release|x64.ActiveCfg = Release|x64
		{C518B650-CCDD-4C7C-BB07-73FD714C4FB4}.Release|x64.Build.0 = Release|x64
		{C518B650-CCDD-4C7C-BB07-73FD714C4FB4}.Release|x86.ActiveCfg = Release|Win32
		{C518B650-CCDD-4C7C-BB07-73FD714C4FB4}.Release|x86.Build.0 = Release|Win32
		{062358F5-B205-48DE-A6A8-7CDA1A64FF63}.Debug|x64.ActiveCfg = Debug|x64
		{062358F5-B205-48DE-A6A8-7CDA1A64FF63}.Debug|x64.Build.0 = Debug|x64
		{062358F5-B205-48DE-A6A8-7CDA1A64FF63}.Debug|x86.ActiveCfg = Debug|Win32
		{062358F5-B205-48DE-A6A8-7CDA1A64FF63}.Debug|x86.Build.0 = Debug|Win32
		{062358F5-B205-48DE-A6A8-7CDA1A64FF63}.Release|x64.ActiveCfg = Release|x64
		{062358F5-B205-48DE-A6A8-7CDA1A64FF63}.Release|x64.Build.0 = Release|x64
		{062358F5-B205-48DE-A6A8-7CDA1A64FF63}.Release|x86.ActiveCfg = Release|Win32
		{062358F5-B205-48DE-A6A8-7CDA1A64FF63}.Release|x86.Build.0 = Release|Win32
		{46552D33-73D2-4806-BEEA-9FA4F28DD245}.Debug|x64.ActiveCfg = Debug|x64
		{46552D33-73D2-4806-BEEA-9FA4F28DD245}.Debug|x64.Build.0 = Debug|x64
		{46552D33-73D2-4806-BEEA-9FA4F28DD245}.Debug|x86.ActiveCfg = Debug|Win32
		{46552D33-73D2-4806-BEEA-9FA4F28DD245}.Debug|x86.Build.0 = Debug|Win32
		{46552D33-73D2-4806-BEEA-9FA4F28DD245}.Release|x64.ActiveCfg = Release|x64
		{46552D33-73D2-4806-BEEA-9FA4F28DD245}.Release|x64.Build.0 = Release|x64
		{46552D33-73D2-4806-BEEA-9FA4F28DD245}.Release|x86.ActiveCfg = Release|Win32
		{46552D33-73D2-4806-BEEA-9FA4F28DD245}.Release|x86.Build.0 = Release|Win32
		{0623D044-B2DA-464F-93CB-F727AD60EC11}.Debug|x64.ActiveCfg = Debug|x64
		{0623D044-B2DA-464F-93CB-F727AD60EC11}.Debug|x64.Build.0 = Debug|x64
		{0623D044-B2DA-464F-93CB-F727AD60EC11}.Debug|x86.ActiveCfg = Debug|Win32
		{0623D044-B2DA-464F-93CB-F727AD60EC11}.Debug|x86.Build.0 = Debug|Win32
		{0623D044-B2DA-464F-93CB-F727AD60EC11}.Release|x64.ActiveCfg = Release|x64
		{0623D044-B2DA-464F-93CB-F727AD60EC11}.Release|x64.Build.0 = Release|x64
		{0623D044-B2DA-464F-93CB-F727AD60EC11}.Release|x86.ActiveCfg = Release|Win32
		{0623D044-B2DA-464F-93CB-F727AD60EC11}.Release|x86.Build.0 = Release|Win32
		{8FD84097-734C-4DCA-AFD8-65835C012066}.Debug|x64.ActiveCfg = Debug|x64
		{8FD84097-734C-4DCA-AFD8-65835C012066}.Debug|x64.Build.0 = Debug|x64
		{8FD84097-734C-4DCA-AFD8-65835C012066}.Debug|x86.ActiveCfg = Debug|Win32
		{8FD84097-734C-4DCA-AFD8-65835C012066}.Debug|x86.Build.0 = Debug|Win32
		{8FD84097-734C-4DCA-AFD8-65835C012066}.Release|x64.ActiveCfg = Release|x64
		{8FD84097-734C-4DCA-AFD8-65835C012066}.Release|x64.Build.0 = Release|x64
		{8FD84097-734C-4DCA-AFD8-65835C012066}.Release|x86.ActiveCfg = Release|Win32
		{8FD84097-734C-4DCA-AFD8-65835C012066}.Release|x86.Build.0 = Release|Win32
		{100CB8F2-479F-4777-B21E-821227122669}.Debug|x64.ActiveCfg = Debug|x64
		{100CB8F2-479F-4777-B21E-821227122669}.Debug|x64.Build.0 = Debug|x64
		{100CB8F2-479F-4777-B21E-821227122669}.Debug|x86.ActiveCfg = Debug|Win32
		{100CB8F2-479F-4777-B21E-821227122669}.Debug|x86.Build.0 = Debug|Win32
		{100CB8F2-479F-4777-B21E-821227122669}.Release|x64.ActiveCfg = Release|x64
		{100CB8F2-479F-4777-B21E-821227122669}.Release|x64.Build.0 = Release|x64
		{100CB8F2-479F-4777-B21E-821227122669}.Release|x86.ActiveCfg = Release|Win32
		{100CB8F2-479F-4777-B21E-821227122669}.Release|x86.Build.0 = Release|Win32
		{3B41AB15-0490-4389-B6C4-51296412CBF8}.Debug|x64.ActiveCfg = Debug|x64
		{3B41AB15-0490-4389-B6C4-51296412CBF8}.Debug|x64.Build.0 = Debug|x64
		{3B41AB15-0490-4389-B6C4-51296412CBF8}.Debug|x86.ActiveCfg = Debug|Win32
		{3B41AB15-0490-4389-B6C4-51296412CBF8}.Debug|x86.Build.0 = Debug|Win32
		{3B41AB15-0490-4389-B6C4-51296412CBF8}.Release|x64.ActiveCfg = Release|x64
		{3B41AB15-0490-4389-B6C4-51296412CBF8}.Release|x64.Build.0 = Release|x64
		{3B41AB15-0490-4389-B6C4-51296412CBF8}.Release|x86.ActiveCfg = Release|Win32
		{3B41AB15-0490-4389-B6C4-51296412CBF8}.Release|x86.Build.0 = Release|Win32
		{2A14E7A9-5C63-4735-8A6B-00CEE7582E09}.Debug|x64.ActiveCfg = Debug|x64
		{2A14E7A9-5C63-4735-8A6B-00CEE7582E09}.Debug|x64.Build.0 = Debug|x64
		{2A14E7A9-5C63-4735-8A6B-00CEE7582E09}.Debug|x86.ActiveCfg = Debug|Win32
		{2A14E7A9-5C63-4735-8A6B-00CEE7582E09}.Debug|x86.Build.0 = Debug|Win32
		{2A14E7A9-5C63-4735-8A6B-00CEE7582E09}.Release|x64.ActiveCfg = Release|x64
		{2A14E7A9-5C63-4735-8A6B-00CEE7582E09}.Release|x64.Build.0 = Release|x64
		{2A14E7A9-5C63-4735-8A6B-00CEE7582E09}.Release|x86.ActiveCfg = Release|Win32
		{2A14E7A9-5C63-4735-8A6B-00CEE7582E09}.Release|x86.Build.0 = Release|Win32
		{EE16205D-344B-43E0-85B4-DFAEBB1F69AB}.Debug|x64.ActiveCfg = Debug|x64
		{EE16205D-344B-43E0-85B4-DFAEBB1F69AB}.Debug|x64.Build.0 = Debug|x64
		{EE16205D-344B-43E0-85B4-DFAEBB1F69AB}.Debug|x86.ActiveCfg = Debug|Win32
		{EE16205D-344B-43E0-85B4-DFAEBB1F69AB}.Debug|x86.Build.0 = Debug|Win32
		{EE16205D-344B-43E0-85B4-DFAEBB1F69AB}.Release|x64.ActiveCfg = Release|x64
		{EE16205D-344B-43E0-85B4-DFAEBB1F69AB}.Release|x64.Build.0 = Release|x64
		{EE16205D-344B-43E0-85B4-DFAEBB1F69AB}.Release|x86.ActiveCfg = Release|Win32
		{EE16205D-344B-43E0-85B4-DFAEBB1F69AB}.Release|x86.Build.0 = Release|Win32
		{43663CFE-8DBC-4071-8CDA-9234A534A266}.Debug|x64.ActiveCfg = Debug|x64
		{43663CFE-8DBC-4071-8CDA-9234A534A266}.Debug|x64.Build.0 = Debug|x64
		{43663CFE-8DBC-4071-8CDA-9234A534A266}.Debug|x86.ActiveCfg = Debug|Win32
		{43663CFE-8DBC-4071-8CDA-9234A534A266}.Debug|x86.Build.0 = Debug|Win32
		{43663CFE-8DBC-4071-8CDA-9234A534A266}.Release|x64.ActiveCfg = Release|x64
		{43663CFE-8DBC-4071-8CDA-9234A534A266}.Release|x64.Build.0 = Release|x64
		{43663CFE-8DBC-4071-8CDA-9234A534A266}.Release|x86.ActiveCfg = Release|Win32
		{43663CFE-8DBC-4071-8CDA-9234A534A266}.Release|x86.Build.0 = Release|Win32
		{E8C9CF07-C96B-4601-9261-DD1F42161401}.Debug|x64.ActiveCfg = Debug|x64
		{E8C9CF07-C96B-4601-9261-DD1F42161401}.Debug|x64.Build.0 = Debug|x64
		{E8C9CF07-C96B-4601-9261-DD1F42161401}.Debug|x86.ActiveCfg = Debug|Win32
		{E8C9CF07-C96B-4601-9261-DD1F42161401}.Debug|x86.Build.0 = Debug|Win32
		{E8C9CF07-C96B-4601-9261-DD1F42161401}.Release|x64.ActiveCfg = Release|x64
		{E8C9CF07-C96B-4601-9261-DD1F42161401}.Release|x64.Build.0 = Release|x64
		{E8C9CF07-C96B-4601-9261-DD1F42161401}.Release|x86.ActiveCfg = Release|Win32
		{E8C9CF07-C96B-4601-9261-DD1F42161401}.Release|x86.Build.0 = Release|Win32
		{36749579-EE9E-4F3D-B4FF-2376D9A9DABF}.Debug|x64.ActiveCfg = Debug|x64
		{36749579-EE9E-4F3D-B4FF-2376D9A9DABF}.Debug|x64.Build.0 = Debug|x64
		{36749579-EE9E-4F3D-B4FF-2376D9A9DABF}.Debug|x86.ActiveCfg = Debug|Win32
		{36749579-EE9E-4F3D-B4FF-2376D9A9DABF}.Debug|x86.Build.0 = Debug|Win32
		{36749579-EE9E-4F3D-B4FF-2376D9A9DABF}.Release|x64.ActiveCfg = Release|x64
		{36749579-EE9E-4F3D-B4FF-2376D9A9DABF}.Release|x64.Build.0 = Release|x64
		{36749579-EE9E-4F3D-B4FF-2376D9A9DABF}.Release|x86.ActiveCfg = Release|Win32
		{36749579-EE9E-4F3D-B4FF-2376D9A9DABF}.Release|x86.Build.0 = Release|Win32
		{713717C9-059C-4EFF-B246-811B62995113}.Debug|x64.ActiveCfg = Debug|x64
		{713717C9-059C-4EFF-B246-811B62995113}.Debug|x64.Build.0 = Debug|x64
		{713717C9-059C-4EFF-B246-811B62995113}.Debug|x86.ActiveCfg = Debug|Win32
		{713717C9-059C-4EFF-B246-811B62995113}.Debug|x86.Build.0 = Debug|Win32
		{713717C9-059C-4EFF-B246-811B62995113}.Release|x64.ActiveCfg = Release|x64
		{713717C9-059C-4EFF-B246-811B62995113}.Release|x64.Build.0 = Release|x64
		{713717C9-059C-4EFF-B246-811B62995113}.Release|x86.ActiveCfg = Release|Win32
		{713717C9-059C-4EFF-B246-811B62995113}.Release|x86.Build.0 = Release|Win32
		{E997067E-4187-4EE3-9F03-DF72CC7BE7F1}.Debug|x64.ActiveCfg = Debug|x64
		{E997067E-4187-4EE3-9F03-DF72CC7BE7F1}.Debug|x64.Build.0 = Debug|x64
		{E997067E-4187-4EE3-9F03-DF72CC7BE7F1}.Debug|x86.ActiveCfg = Debug|Win32
		{E997067E-4187-4EE3-9F03-DF72CC7BE7F1}.Debug|x86.Build.0 = Debug|Win32
		{E997067E-4187-4EE3-9F03-DF72CC7BE7F1}.Release|x64.ActiveCfg = Release|x64
		{E997067E-4187-4EE3-9F03-DF72CC7BE7F1}.Release|x64.Build.0 = Release|x64
		{E997067E-4187-4EE3-9F03-DF72CC7BE7F1}.Release|x86.ActiveCfg = Release|Win32
		{E997067E-4187-4EE3-9F03-DF72CC7BE7F1}.Release|x86.Build.0 = Release|Win32
		{16B36D7C-4011-4B71-88B2-53306FA7E0FC}.Debug|x64.ActiveCfg = Debug|x64
		{16B36D7C-4011-4B71-88B2-53306FA7E0FC}.Debug|x64.Build.0 = Debug|x64
		{16B36D7C-4011-4B71-88B2-53306FA7E0FC}.Debug|x86.ActiveCfg = Debug|Win32
		{16B36D7C-4011-4B71-88B2-53306FA7E0FC}.Debug|x86.Build.0 = Debug|Win32
		{16B36D7C-4011-4B71-88B2-53306FA7E0FC}.Release|x64.ActiveCfg = Release|x64
		{16B36D7C-4011-4B71-88B2-53306FA7E0FC}.Release|x64.Build.0 = Release|x64
		{16B36D7C-4011-4B71-88B2-53306FA7E0FC}.Release|x86.ActiveCfg = Release|Win32
		{16B36D7C-4011-4B71-88B2-53306FA7E0FC}.Release|x86.Build.0 = Release|Win32
		{D61BBD9A-0AC0-434D-A694-728EF42A43BD}.Debug|x64.ActiveCfg = Debug|x64
		{D61BBD9A-0AC0-434D-A694-728EF42A43BD}.Debug|x64.Build.0 = Debug|x64
		{D61BBD9A-0AC0-434D-A694-728EF42A43BD}.Debug|x86.ActiveCfg = Debug|Win32
		{D61BBD9A-0AC0-434D-A694-728EF42A43BD}.Debug|x86.Build.0 = Debug|Win32
		{D61BBD9A-0AC0-434D-A694-728EF42A43BD}.Release|x64.ActiveCfg = Release|x64
		{D61BBD9A-0AC0-434D-A694-728EF42A43BD}.Release|x64.Build.0 = Release|x64
		{D61BBD9A-0AC0-434D-A694-728EF42A43BD}.Release|x86.ActiveCfg = Release|Win32
		{D61BBD9A-0AC0-434D-A694-728EF42A43BD}.Release|x86.Build.0 = Release|Win32
		{345CF9A1-B648-4370-A05C-E3F105E4FB5A}.Debug|x64.ActiveCfg = Debug|x64
		{345CF9A1-B648-4370-A05C-E3F105E4FB5A}.Debug|x64.Build.0 = Debug|x64
		{345CF9A1-B648-4370-A05C-E3F105E4FB5A}.Debug|x86.ActiveCfg = Debug|Win32
		{345CF9A1-B648-4370-A05C-E3F105E4FB5A}.Debug|x86.Build.0 = Debug|Win32
		{345CF9A1-B648-4370-A05C-E3F105E4FB5A}.Release|x64.ActiveCfg = Release|x64
		{345CF9A1-B648-4370-A05C-E3F105E4FB5A}.Release|x64.Build.0 = Release|x64
		{345CF9A1-B648-4370-A05C-E3F105E4FB5A}.Release|x86.ActiveCfg = Release|Win32
		{345CF9A1-B648-4370-A05C-E3F105E4FB5A}.Release|x86.Build.0 = Release|Win32
		{E8B792A5-9A5E-4846-BF70-ABA0200FE4CE}.Debug|x64.ActiveCfg = Debug|x64
		{E8B792A5-9A5E-4846-BF70-ABA0200FE4CE}.Debug|x64.Build.0 = Debug|x64
		{E8B792A5-9A5E-4846-BF70-ABA0200FE4CE}.Debug|x86.ActiveCfg = Debug|Win32
		{E8B792A5-9A5E-4846-BF70-ABA0200FE4CE}.Debug|x86.Build.0 = Debug|Win32
		{E8B792A5-9A5E-4846-BF70-ABA0200FE4CE}.Release|x64.ActiveCfg = Release|x64
		{E8B792A5-9A5E-4846-BF70-ABA0200FE4CE}.Release|x64.Build.0 = Release|x64
		{E8B792A5-9A5E-4846-BF70-ABA0200FE4CE}.Release|x86.ActiveCfg = Release|Win32
		{E8B792A5-9A5E-4846-BF70-ABA0200FE4CE}.Release|x86.Build.0 = Release|Win32
		{95A415E6-4CD6-4435-88A2-4DC7C8748AB8}.Debug|x64.ActiveCfg = Debug|x64
		{95A415E6-4CD6-4435-88A2-4DC7C8748AB8}.Debug|x64.Build.0 = Debug|x64
		{95A415E6-4CD6-4435-88A2-4DC7C8748AB8}.Debug|x86.ActiveCfg = Debug|Win32
		{95A415E6-4CD6-4435-88A2-4DC7C8748AB8}.Debug|x86.Build.0 = Debug|Win32
		{95A415E6-4CD6-4435-88A2-4DC7C8748AB8}.Release|x64.ActiveCfg = Release|x64
		{95A415E6-4CD6-4435-88A2-4DC7C8748AB8}.Release|x64.Build.0 = Release|x64
		{95A415E6-4CD6-4435-88A2-4DC7C8748AB8}.Release|x86.ActiveCfg = Release|Win32
		{95A415E6-4CD6-4435-88A2-4DC7C8748AB8}.Release|x86.Build.0 = Release|Win32
		{0265B41E-8E2E-4472-8AEC-891CEA1974B8}.Debug|x64.ActiveCfg = Debug|x64
		{0265B41E-8E2E-4472-8AEC-891CEA1974B8}.Debug|x64.Build.0 = Debug|x64
		{0265B41E-8E2E-4472-8AEC-891CEA1974B8}.Debug|x86.ActiveCfg = Debug|Win32
		{0265B41E-8E2E-4472-8AEC-891CEA1974B8}.Debug|x86.Build.0 = Debug|Win32
		{0265B41E-8E2E-4472-8AEC-891CEA1974B8}.Release|x64.ActiveCfg = Release|x64
		{0265B41E-8E2E-4472-8AEC-891CEA1974B8}.Release|x64.Build.0 = Release|x64
		{0265B41E-8E2E-4472-8AEC-891CEA1974B8}.Release|x86.ActiveCfg = Release|Win32
		{0265B41E-8E2E-4472-8AEC-891CEA1974B8}.Release|x86.Build.0 = Release|Win32
		{12B05C01-23B4-4BFB-9CE0-144926CE00FF}.Debug|x64.ActiveCfg = Debug|x64
		{12B05C01-23B4-4BFB-9CE0-144926CE00FF}.Debug|x64.Build.0 = Debug|x64
		{12B05C01-23B4-4BFB-9CE0-144926CE00FF}.Debug|x86.ActiveCfg = Debug|Win32
		{12B05C01-23B4-4BFB-9CE0-144926CE00FF}.Debug|x86.Build.0 = Debug|Win32
		{12B05C01-23B4-4BFB-9CE0-144926CE00FF}.Release|x64.ActiveCfg = Release|x64
		{12B05C01-23B4-4BFB-9CE0-144926CE00FF}.Release|x64.Build.0 = Release|x64
		{12B05C01-23B4-4BFB-9CE0-144926CE00FF}.Release|x86.ActiveCfg = Release|Win32
		{12B05C01-23B4-4BFB-9CE0-144926CE00FF}.Release|x86.Build.0 = Release|Win32
		{4848D9C8-F3AA-4D23-9B3A-6EE312715CDF}.Debug|x64.ActiveCfg = Debug|x64
		{4848D9C8-F3AA-4D23-9B3A-6EE312715CDF}.Debug|x64.Build.0 = Debug|x64
		{4848D9C8-F3AA-4D23-9B3A-6EE312715CDF}.Debug|x86.ActiveCfg = Debug|Win32
		{4848D9C8-F3AA-4D23-9B3A-6EE312715CDF}.Debug|x86.Build.0 = Debug|Win32
		{4848D9C8-F3AA-4D23-9B3A-6EE312715CDF}.Release|x64.ActiveCfg = Release|x64
		{4848D9C8-F3AA-4D23-9B3A-6EE312715CDF}.Release|x64.Build.0 = Release|x64
		{4848D9C8-F3AA-4D23-9B3A-6EE312715CDF}.Release|x86.ActiveCfg = Release|Win32
		{4848D9C8-F3AA-4D23-9B3A-6EE312715CDF}.Release|x86.Build.0 = Release|Win32
	EndGlobalSection
	GlobalSection(SolutionProperties) = preSolution
		HideSolutionNode = FALSE
	EndGlobalSection
	GlobalSection(NestedProjects) = preSolution
		{30CA797E-82C1-43A7-B729-1102838AE29F} = {C43BF646-B7DF-4236-9AF0-B8261E1CFD98}
		{4B3C14EE-302B-43B2-9438-B4FE51F9DFF6} = {38509B1F-6141-41B4-A531-8906DCB00170}
		{0386353A-85FF-4414-913F-CF96165F75D1} = {74B6D1C5-4BE8-4A55-96E0-C69CAB1BF2D0}
		{7F966AD9-D96F-4B1B-BC8E-2D8541EA9947} = {74B6D1C5-4BE8-4A55-96E0-C69CAB1BF2D0}
		{7A63CADB-75E1-4BDF-BE3D-4F71AD9E1EFB} = {74B6D1C5-4BE8-4A55-96E0-C69CAB1BF2D0}
		{C518B650-CCDD-4C7C-BB07-73FD714C4FB4} = {74B6D1C5-4BE8-4A55-96E0-C69CAB1BF2D0}
		{062358F5-B205-48DE-A6A8-7CDA1A64FF63} = {74B6D1C5-4BE8-4A55-96E0-C69CAB1BF2D0}
		{46552D33-73D2-4806-BEEA-9FA4F28DD245} = {74B6D1C5-4BE8-4A55-96E0-C69CAB1BF2D0}
		{0623D044-B2DA-464F-93CB-F727AD60EC11} = {B67C82E5-2F71-4FEC-A0D2-A95862212CD3}
		{8FD84097-734C-4DCA-AFD8-65835C012066} = {B67C82E5-2F71-4FEC-A0D2-A95862212CD3}
		{100CB8F2-479F-4777-B21E-821227122669} = {B67C82E5-2F71-4FEC-A0D2-A95862212CD3}
		{3B41AB15-0490-4389-B6C4-51296412CBF8} = {B67C82E5-2F71-4FEC-A0D2-A95862212CD3}
		{2A14E7A9-5C63-4735-8A6B-00CEE7582E09} = {B67C82E5-2F71-4FEC-A0D2-A95862212CD3}
		{EE16205D-344B-43E0-85B4-DFAEBB1F69AB} = {B67C82E5-2F71-4FEC-A0D2-A95862212CD3}
		{43663CFE-8DBC-4071-8CDA-9234A534A266} = {B67C82E5-2F71-4FEC-A0D2-A95862212CD3}
		{E8C9CF07-C96B-4601-9261-DD1F42161401} = {B67C82E5-2F71-4FEC-A0D2-A95862212CD3}
		{36749579-EE9E-4F3D-B4FF-2376D9A9DABF} = {B67C82E5-2F71-4FEC-A0D2-A95862212CD3}
		{713717C9-059C-4EFF-B246-811B62995113} = {284A90D0-D291-4DB7-86B4-31E415167353}
		{E997067E-4187-4EE3-9F03-DF72CC7BE7F1} = {284A90D0-D291-4DB7-86B4-31E415167353}
		{16B36D7C-4011-4B71-88B2-53306FA7E0FC} = {284A90D0-D291-4DB7-86B4-31E415167353}
		{D61BBD9A-0AC0-434D-A694-728EF42A43BD} = {284A90D0-D291-4DB7-86B4-31E415167353}
		{345CF9A1-B648-4370-A05C-E3F105E4FB5A} = {FE690942-FFE6-4DA0-A9C0-44DD765721B8}
		{E8B792A5-9A5E-4846-BF70-ABA0200FE4CE} = {FE690942-FFE6-4DA0-A9C0-44DD765721B8}
		{95A415E6-4CD6-4435-88A2-4DC7C8748AB8} = {5DD246D5-D677-45E0-B575-360D2B5E471D}
		{0265B41E-8E2E-4472-8AEC-891CEA1974B8} = {5DD246D5-D677-45E0-B575-360D2B5E471D}
		{12B05C01-23B4-4BFB-9CE0-144926CE00FF} = {5DD246D5-D677-45E0-B575-360D2B5E471D}
		{4848D9C8-F3AA-4D23-9B3A-6EE312715CDF} = {5DD246D5-D677-45E0-B575-360D2B5E471D}
	EndGlobalSection
	GlobalSection(ExtensibilityGlobals) = postSolution
		SolutionGuid = {48709502-6E8A-4C3F-901A-2B4E60C33C09}
	EndGlobalSection
EndGlobal
